{
  "lockfile_version": "1",
  "packages": {
    "air@latest": {
      "last_modified": "2024-04-19T17:36:04-04:00",
      "resolved": "github:NixOS/nixpkgs/92d295f588631b0db2da509f381b4fb1e74173c5#air",
      "source": "devbox-search",
      "version": "1.51.0",
      "systems": {
        "aarch64-darwin": {
          "outputs": [
            {
              "name": "out",
              "path": "/nix/store/ajxf9npxfm70dbizvx45y39rgi02z04z-air-1.51.0",
              "default": true
            }
          ],
          "store_path": "/nix/store/ajxf9npxfm70dbizvx45y39rgi02z04z-air-1.51.0"
        },
        "aarch64-linux": {
          "outputs": [
            {
              "name": "out",
              "path": "/nix/store/hrfdbyf1kskmw1c9c1r4nq2mj5kdb6a7-air-1.51.0",
              "default": true
            }
          ],
          "store_path": "/nix/store/hrfdbyf1kskmw1c9c1r4nq2mj5kdb6a7-air-1.51.0"
        },
        "x86_64-darwin": {
          "outputs": [
            {
              "name": "out",
              "path": "/nix/store/n3vsf1kmqh8ggjw5rz9g0sxshk66rbmx-air-1.51.0",
              "default": true
            }
          ],
          "store_path": "/nix/store/n3vsf1kmqh8ggjw5rz9g0sxshk66rbmx-air-1.51.0"
        },
        "x86_64-linux": {
          "outputs": [
            {
              "name": "out",
              "path": "/nix/store/p07h01j2nlfc1h9af43b7f5ksyh4p6hp-air-1.51.0",
              "default": true
            }
          ],
          "store_path": "/nix/store/p07h01j2nlfc1h9af43b7f5ksyh4p6hp-air-1.51.0"
        }
      }
    },
    "go-task@latest": {
      "last_modified": "2024-04-19T17:36:04-04:00",
      "resolved": "github:NixOS/nixpkgs/92d295f588631b0db2da509f381b4fb1e74173c5#go-task",
      "source": "devbox-search",
      "version": "3.36.0",
      "systems": {
        "aarch64-darwin": {
          "outputs": [
            {
              "name": "out",
              "path": "/nix/store/s7999mjjjkan5fi20csad6pxha0pcn9m-go-task-3.36.0",
              "default": true
            }
          ],
          "store_path": "/nix/store/s7999mjjjkan5fi20csad6pxha0pcn9m-go-task-3.36.0"
        },
        "aarch64-linux": {
          "outputs": [
            {
              "name": "out",
              "path": "/nix/store/pf3rrjy7d7hl9b9qrlqfs7r0dp1c9gl2-go-task-3.36.0",
              "default": true
            }
          ],
          "store_path": "/nix/store/pf3rrjy7d7hl9b9qrlqfs7r0dp1c9gl2-go-task-3.36.0"
        },
        "x86_64-darwin": {
          "outputs": [
            {
              "name": "out",
              "path": "/nix/store/crv84dwq688wdwlw165b52yk8zshs3zz-go-task-3.36.0",
              "default": true
            }
          ],
          "store_path": "/nix/store/crv84dwq688wdwlw165b52yk8zshs3zz-go-task-3.36.0"
        },
        "x86_64-linux": {
          "outputs": [
            {
              "name": "out",
              "path": "/nix/store/g1chzl549g4jzjpaqc1i2d0hbazkhx5l-go-task-3.36.0",
              "default": true
            }
          ],
          "store_path": "/nix/store/g1chzl549g4jzjpaqc1i2d0hbazkhx5l-go-task-3.36.0"
        }
      }
    },
    "go@1.22": {
      "last_modified": "2024-04-19T17:36:04-04:00",
      "resolved": "github:NixOS/nixpkgs/92d295f588631b0db2da509f381b4fb1e74173c5#go",
      "source": "devbox-search",
      "version": "1.22.2",
      "systems": {
        "aarch64-darwin": {
          "outputs": [
            {
              "name": "out",
              "path": "/nix/store/x7gzwywk7mvjamdyc4n45fh62jks7lma-go-1.22.2",
              "default": true
            }
          ],
          "store_path": "/nix/store/x7gzwywk7mvjamdyc4n45fh62jks7lma-go-1.22.2"
        },
        "aarch64-linux": {
          "outputs": [
            {
              "name": "out",
              "path": "/nix/store/ka1iykac1bfvy98p9g2ii3xn2fnl98cn-go-1.22.2",
              "default": true
            }
          ],
          "store_path": "/nix/store/ka1iykac1bfvy98p9g2ii3xn2fnl98cn-go-1.22.2"
        },
        "x86_64-darwin": {
          "outputs": [
            {
              "name": "out",
              "path": "/nix/store/s26vypls3i2rvprj2jq7l1ypb5y12mq9-go-1.22.2",
              "default": true
            }
          ],
          "store_path": "/nix/store/s26vypls3i2rvprj2jq7l1ypb5y12mq9-go-1.22.2"
        },
        "x86_64-linux": {
          "outputs": [
            {
              "name": "out",
              "path": "/nix/store/9kriq85qac7phcxgpdqbqr25vlr61ifw-go-1.22.2",
              "default": true
            }
          ],
          "store_path": "/nix/store/9kriq85qac7phcxgpdqbqr25vlr61ifw-go-1.22.2"
        }
      }
    },
    "mysql80@latest": {
      "last_modified": "2024-04-19T17:36:04-04:00",
      "plugin_version": "0.0.3",
      "resolved": "github:NixOS/nixpkgs/92d295f588631b0db2da509f381b4fb1e74173c5#mysql80",
      "source": "devbox-search",
      "version": "8.0.36",
      "systems": {
        "aarch64-darwin": {
          "outputs": [
            {
              "name": "out",
              "path": "/nix/store/nvj6gcqypsi1f4hf943wk9ic7qy9d2g3-mysql-8.0.36",
              "default": true
            },
            {
              "name": "static",
              "path": "/nix/store/w7k997dry5dvcswfrdp6niw226f7dx7p-mysql-8.0.36-static"
            }
          ],
          "store_path": "/nix/store/nvj6gcqypsi1f4hf943wk9ic7qy9d2g3-mysql-8.0.36"
        },
        "aarch64-linux": {
          "outputs": [
            {
              "name": "out",
              "path": "/nix/store/zhsygsc6v5x7ic53x5bmim9kccczdkj7-mysql-8.0.36",
              "default": true
            },
            {
              "name": "static",
              "path": "/nix/store/lb1jlm0a7hjhkxlrc8gc9wvclfqqpzp4-mysql-8.0.36-static"
            }
          ],
          "store_path": "/nix/store/zhsygsc6v5x7ic53x5bmim9kccczdkj7-mysql-8.0.36"
        },
        "x86_64-darwin": {
          "outputs": [
            {
              "name": "out",
              "path": "/nix/store/6niy0plf7ybmv7fy09q14wqsyl0bi5hc-mysql-8.0.36",
              "default": true
            },
            {
              "name": "static",
              "path": "/nix/store/bmj06z67hkd3sjn9a0wb0ykb9nqbx5rw-mysql-8.0.36-static"
            }
          ],
          "store_path": "/nix/store/6niy0plf7ybmv7fy09q14wqsyl0bi5hc-mysql-8.0.36"
        },
        "x86_64-linux": {
          "outputs": [
            {
              "name": "out",
              "path": "/nix/store/n3j47x19bvnfc4a6ia2i84cbky79bd08-mysql-8.0.36",
              "default": true
            },
            {
              "name": "static",
              "path": "/nix/store/czcci2f8l7wp8f59h53kcbqbnq850782-mysql-8.0.36-static"
            }
          ],
          "store_path": "/nix/store/n3j47x19bvnfc4a6ia2i84cbky79bd08-mysql-8.0.36"
        }
      }
    }
  }
}
